<?xml version="1.0" encoding="utf-8"?>
<Project ToolsVersion="4.0" xmlns="http://schemas.microsoft.com/developer/msbuild/2003">
  <ItemGroup>
    <Filter Include="Source Files">
      <UniqueIdentifier>{4FC737F1-C7A5-4376-A066-2A32D752A2FF}</UniqueIdentifier>
      <Extensions>cpp;c;cc;cxx;def;odl;idl;hpj;bat;asm;asmx</Extensions>
    </Filter>
    <Filter Include="Header Files">
      <UniqueIdentifier>{93995380-89BD-4b04-88EB-625FBE52EBFB}</UniqueIdentifier>
      <Extensions>h;hh;hpp;hxx;hm;inl;inc;xsd</Extensions>
    </Filter>
    <Filter Include="Resource Files">
      <UniqueIdentifier>{67DA6AB6-F800-4c08-8B7A-83BB121AAD01}</UniqueIdentifier>
      <Extensions>rc;ico;cur;bmp;dlg;rc2;rct;bin;rgs;gif;jpg;jpeg;jpe;resx;tiff;tif;png;wav;mfcribbon-ms</Extensions>
    </Filter>
    <Filter Include="Header Files\DX10">
      <UniqueIdentifier>{65615134-2f44-4cf3-9ff3-697632071d6d}</UniqueIdentifier>
    </Filter>
    <Filter Include="Source Files\DX10">
      <UniqueIdentifier>{50b50f22-385d-44a2-91d4-c31e84f97613}</UniqueIdentifier>
    </Filter>
    <Filter Include="Header Files\DX10\Meshes">
      <UniqueIdentifier>{c69ee119-2ba5-4605-bf7b-1b15c0bcabfd}</UniqueIdentifier>
    </Filter>
    <Filter Include="Source Files\DX10\Meshes">
      <UniqueIdentifier>{c811de54-86d4-477a-b759-efcce14280f4}</UniqueIdentifier>
    </Filter>
    <Filter Include="Resource Files\FX Files">
      <UniqueIdentifier>{575c96b6-4ddb-46ab-a0a6-4d6507d27ec0}</UniqueIdentifier>
    </Filter>
    <Filter Include="Source Files\Physics">
      <UniqueIdentifier>{deded43c-a4d0-48b9-b8c6-6f51de4918eb}</UniqueIdentifier>
    </Filter>
    <Filter Include="Source Files\Physics\2D Physics">
      <UniqueIdentifier>{3d6970b1-2480-46ea-9856-002a5cf3739e}</UniqueIdentifier>
    </Filter>
    <Filter Include="Header Files\Physics">
      <UniqueIdentifier>{6f751dd8-19c3-4e70-b158-20e93dceebf5}</UniqueIdentifier>
    </Filter>
    <Filter Include="Header Files\Physics\2D Physics">
      <UniqueIdentifier>{4a37126a-2ef0-4101-80da-d331dbc361b5}</UniqueIdentifier>
    </Filter>
    <Filter Include="Header Files\Utilities">
      <UniqueIdentifier>{40fdcc21-f666-436a-bdad-8c0242976ef2}</UniqueIdentifier>
    </Filter>
    <Filter Include="Source Files\Utilities">
      <UniqueIdentifier>{cf75690d-c07f-4b8c-bec9-2476384182bc}</UniqueIdentifier>
    </Filter>
    <Filter Include="Header Files\DX10\Cameras">
      <UniqueIdentifier>{628b0342-ecf1-4dd9-b3b6-6e22a2affb28}</UniqueIdentifier>
    </Filter>
    <Filter Include="Source Files\DX10\Cameras">
      <UniqueIdentifier>{eb1cafe1-6375-4b45-adf0-ac9851981b36}</UniqueIdentifier>
    </Filter>
    <Filter Include="Header Files\DX10\Systems">
      <UniqueIdentifier>{b76c8d14-58fe-4db0-b2fd-8c8b01f6d5c6}</UniqueIdentifier>
    </Filter>
    <Filter Include="Source Files\DX10\Systems">
      <UniqueIdentifier>{594f7cb3-9e53-44bd-aeaa-c73facc748bf}</UniqueIdentifier>
    </Filter>
    <Filter Include="Header Files\DX10\Shaders">
      <UniqueIdentifier>{b4d3c7e4-c102-46cd-b922-cb8e7f260829}</UniqueIdentifier>
    </Filter>
    <Filter Include="Header Files\DX10\3D Objects">
      <UniqueIdentifier>{35516441-876f-4a22-8ba6-fc336c2ee473}</UniqueIdentifier>
    </Filter>
    <Filter Include="Header Files\DX10\2D Objects">
      <UniqueIdentifier>{d20b9b24-7b72-428d-81c6-5b09b5ea2950}</UniqueIdentifier>
    </Filter>
    <Filter Include="Source Files\DX10\2D Objects">
      <UniqueIdentifier>{127fde05-a07c-4c1a-9d53-fc5a127dc729}</UniqueIdentifier>
    </Filter>
    <Filter Include="Source Files\DX10\3D Objects">
      <UniqueIdentifier>{bc46c547-50d5-4796-abeb-4edbc31ed386}</UniqueIdentifier>
    </Filter>
  </ItemGroup>
  <ItemGroup>
    <ClInclude Include="Files\Application.h">
      <Filter>Header Files</Filter>
    </ClInclude>
    <ClInclude Include="Files\DX10\DX10.h">
      <Filter>Header Files\DX10</Filter>
    </ClInclude>
    <ClInclude Include="Files\Utility\DirectInput.h">
      <Filter>Header Files\Utilities</Filter>
    </ClInclude>
    <ClInclude Include="Files\Utility\Timer.h">
      <Filter>Header Files\Utilities</Filter>
    </ClInclude>
    <ClInclude Include="Files\Utility\Utilities.h">
      <Filter>Header Files\Utilities</Filter>
    </ClInclude>
    <ClInclude Include="Files\DX10\DX10\DX10_Renderer.h">
      <Filter>Header Files\DX10</Filter>
    </ClInclude>
    <ClInclude Include="Files\DX10\DX10\DX10_Utilities.h">
      <Filter>Header Files\DX10</Filter>
    </ClInclude>
    <ClInclude Include="Files\DX10\DX10\DX10_Vertex.h">
      <Filter>Header Files\DX10</Filter>
    </ClInclude>
    <ClInclude Include="Files\DX10\DX10\Meshes\DX10_Mesh_Finite_Plane.h">
      <Filter>Header Files\DX10\Meshes</Filter>
    </ClInclude>
    <ClInclude Include="Files\DX10\DX10\Meshes\DX10_Mesh_Generic.h">
      <Filter>Header Files\DX10\Meshes</Filter>
    </ClInclude>
    <ClInclude Include="Files\DX10\DX10\Meshes\DX10_Mesh_Rect_Prism.h">
      <Filter>Header Files\DX10\Meshes</Filter>
    </ClInclude>
    <ClInclude Include="Files\DX10\DX10\Cameras\DX10_Camera_FirstPerson.h">
      <Filter>Header Files\DX10\Cameras</Filter>
    </ClInclude>
    <ClInclude Include="Files\DX10\DX10\Shaders\DX10_Shader_LitTex.h">
      <Filter>Header Files\DX10\Shaders</Filter>
    </ClInclude>
    <ClInclude Include="Files\Physics\2D Physics\Physics_Body_2D.h">
      <Filter>Header Files\Physics\2D Physics</Filter>
    </ClInclude>
    <ClInclude Include="Files\Physics\2D Physics\Physics_Utilities.h">
      <Filter>Header Files\Physics\2D Physics</Filter>
    </ClInclude>
    <ClInclude Include="Files\Physics\Physics_2D.h">
      <Filter>Header Files\Physics\2D Physics</Filter>
    </ClInclude>
    <ClInclude Include="Files\Physics\2D Physics\Physics_Pulley_2D.h">
      <Filter>Header Files\Physics\2D Physics</Filter>
    </ClInclude>
    <ClInclude Include="Files\Physics\2D Physics\Physics_Rope_2D.h">
      <Filter>Header Files\Physics\2D Physics</Filter>
    </ClInclude>
    <ClInclude Include="Files\Physics\2D Physics\Physics_World_2D.h">
      <Filter>Header Files\Physics\2D Physics</Filter>
    </ClInclude>
    <ClInclude Include="Files\Physics\2D Physics\Physics_Collision_Listener.h">
      <Filter>Header Files\Physics\2D Physics</Filter>
    </ClInclude>
    <ClInclude Include="Files\Utility\Utility_Math.h">
      <Filter>Header Files\Utilities</Filter>
    </ClInclude>
    <ClInclude Include="Files\DX10\DX10\Systems\DX10_Buffer.h">
      <Filter>Header Files\DX10\Systems</Filter>
    </ClInclude>
    <ClInclude Include="Files\DX10\DX10\Shaders\FXTexture.h">
      <Filter>Header Files\DX10\Shaders</Filter>
    </ClInclude>
    <ClInclude Include="Files\DX10\DX10\3D Objects\DX10_Obj_Generic.h">
      <Filter>Header Files\DX10\3D Objects</Filter>
    </ClInclude>
    <ClInclude Include="Files\DX10\DX10\3D Objects\DX10_Obj_LitTex.h">
      <Filter>Header Files\DX10\3D Objects</Filter>
    </ClInclude>
    <ClInclude Include="Files\DX10\DX10\2D Objects\DXSprite.h">
      <Filter>Header Files\DX10\2D Objects</Filter>
    </ClInclude>
  </ItemGroup>
  <ItemGroup>
    <ClCompile Include="Files\Application.cpp">
      <Filter>Source Files</Filter>
    </ClCompile>
    <ClCompile Include="Files\Utility\DirectInput.cpp">
      <Filter>Source Files\Utilities</Filter>
    </ClCompile>
    <ClCompile Include="Files\Utility\Timer.cpp">
      <Filter>Source Files\Utilities</Filter>
    </ClCompile>
    <ClCompile Include="Files\DX10\DX10\Meshes\DX10_Mesh_Finite_Plane.cpp">
      <Filter>Source Files\DX10\Meshes</Filter>
    </ClCompile>
    <ClCompile Include="Files\DX10\DX10\Meshes\DX10_Mesh_Rect_Prism.cpp">
      <Filter>Source Files\DX10\Meshes</Filter>
    </ClCompile>
    <ClCompile Include="Files\DX10\DX10\DX10_Renderer.cpp">
      <Filter>Source Files\DX10</Filter>
    </ClCompile>
    <ClCompile Include="Files\DX10\DX10\Cameras\DX10_Camera_FirstPerson.cpp">
      <Filter>Source Files\DX10\Cameras</Filter>
    </ClCompile>
    <ClCompile Include="Files\Physics\2D Physics\Physics_Body_2D.cpp">
      <Filter>Source Files\Physics\2D Physics</Filter>
    </ClCompile>
    <ClCompile Include="Files\Physics\2D Physics\Physics_Pulley_2D.cpp">
      <Filter>Source Files\Physics\2D Physics</Filter>
    </ClCompile>
    <ClCompile Include="Files\Physics\2D Physics\Physics_Rope_2D.cpp">
      <Filter>Source Files\Physics\2D Physics</Filter>
    </ClCompile>
    <ClCompile Include="Files\Physics\2D Physics\Physics_World_2D.cpp">
      <Filter>Source Files\Physics\2D Physics</Filter>
    </ClCompile>
    <ClCompile Include="Files\Physics\2D Physics\Physics_Collision_Listener.cpp">
      <Filter>Source Files\Physics\2D Physics</Filter>
    </ClCompile>
    <ClCompile Include="Files\DX10\DX10\3D Objects\DX10_Obj_LitTex.cpp">
      <Filter>Source Files\DX10\3D Objects</Filter>
    </ClCompile>
    <ClCompile Include="Files\DX10\DX10\2D Objects\DXSprite.cpp">
      <Filter>Source Files\DX10\2D Objects</Filter>
    </ClCompile>
  </ItemGroup>
  <ItemGroup>
    <FxCompile Include="Resources\FX\LightStructures.fx">
      <Filter>Resource Files\FX Files</Filter>
    </FxCompile>
    <FxCompile Include="Resources\FX\LitTex.fx">
      <Filter>Resource Files\FX Files</Filter>
    </FxCompile>
  </ItemGroup>
</Project>